{
  "requires": true,
  "lockfileVersion": 1,
  "dependencies": {
    "elm-local-storage-ports": {
      "version": "0.2.1",
      "resolved": "https://registry.npmjs.org/elm-local-storage-ports/-/elm-local-storage-ports-0.2.1.tgz",
      "integrity": "sha1-2vzjwgxJfdlvUPb5wv8GsuuiliI="
    }
  }
}
